
Microsoft Visual Studio Solution File, Format Version 12.00
# Visual Studio Version 16
VisualStudioVersion = 16.0.31424.327
MinimumVisualStudioVersion = 10.0.40219.1
Project("{9A19103F-16F7-4668-BE54-9A1E7A4F7556}") = "Entities", "Entities\Entities.csproj", "{67908403-794D-4A87-9A5D-BE7DF49E13B9}"
EndProject
Project("{9A19103F-16F7-4668-BE54-9A1E7A4F7556}") = "DataAccess", "DataAccess\DataAccess.csproj", "{353E545D-6928-40E1-847F-D32AB73C25D0}"
EndProject
Project("{9A19103F-16F7-4668-BE54-9A1E7A4F7556}") = "Core", "Core\Core.csproj", "{3B445310-F18C-48A7-BA4E-10D42E79AB9F}"
EndProject
Project("{9A19103F-16F7-4668-BE54-9A1E7A4F7556}") = "Business", "Business\Business.csproj", "{4DDF60E7-0461-411D-A79F-4F546CA26AFB}"
EndProject
Project("{9A19103F-16F7-4668-BE54-9A1E7A4F7556}") = "WebAPI", "WebAPI\WebAPI.csproj", "{B78E9713-5D47-45BE-9883-FB7E8F363E21}"
EndProject
Global
	GlobalSection(SolutionConfigurationPlatforms) = preSolution
		Debug|Any CPU = Debug|Any CPU
		Release|Any CPU = Release|Any CPU
	EndGlobalSection
	GlobalSection(ProjectConfigurationPlatforms) = postSolution
		{67908403-794D-4A87-9A5D-BE7DF49E13B9}.Debug|Any CPU.ActiveCfg = Debug|Any CPU
		{67908403-794D-4A87-9A5D-BE7DF49E13B9}.Debug|Any CPU.Build.0 = Debug|Any CPU
		{67908403-794D-4A87-9A5D-BE7DF49E13B9}.Release|Any CPU.ActiveCfg = Release|Any CPU
		{67908403-794D-4A87-9A5D-BE7DF49E13B9}.Release|Any CPU.Build.0 = Release|Any CPU
		{353E545D-6928-40E1-847F-D32AB73C25D0}.Debug|Any CPU.ActiveCfg = Debug|Any CPU
		{353E545D-6928-40E1-847F-D32AB73C25D0}.Debug|Any CPU.Build.0 = Debug|Any CPU
		{353E545D-6928-40E1-847F-D32AB73C25D0}.Release|Any CPU.ActiveCfg = Release|Any CPU
		{353E545D-6928-40E1-847F-D32AB73C25D0}.Release|Any CPU.Build.0 = Release|Any CPU
		{3B445310-F18C-48A7-BA4E-10D42E79AB9F}.Debug|Any CPU.ActiveCfg = Debug|Any CPU
		{3B445310-F18C-48A7-BA4E-10D42E79AB9F}.Debug|Any CPU.Build.0 = Debug|Any CPU
		{3B445310-F18C-48A7-BA4E-10D42E79AB9F}.Release|Any CPU.ActiveCfg = Release|Any CPU
		{3B445310-F18C-48A7-BA4E-10D42E79AB9F}.Release|Any CPU.Build.0 = Release|Any CPU
		{4DDF60E7-0461-411D-A79F-4F546CA26AFB}.Debug|Any CPU.ActiveCfg = Debug|Any CPU
		{4DDF60E7-0461-411D-A79F-4F546CA26AFB}.Debug|Any CPU.Build.0 = Debug|Any CPU
		{4DDF60E7-0461-411D-A79F-4F546CA26AFB}.Release|Any CPU.ActiveCfg = Release|Any CPU
		{4DDF60E7-0461-411D-A79F-4F546CA26AFB}.Release|Any CPU.Build.0 = Release|Any CPU
		{B78E9713-5D47-45BE-9883-FB7E8F363E21}.Debug|Any CPU.ActiveCfg = Debug|Any CPU
		{B78E9713-5D47-45BE-9883-FB7E8F363E21}.Debug|Any CPU.Build.0 = Debug|Any CPU
		{B78E9713-5D47-45BE-9883-FB7E8F363E21}.Release|Any CPU.ActiveCfg = Release|Any CPU
		{B78E9713-5D47-45BE-9883-FB7E8F363E21}.Release|Any CPU.Build.0 = Release|Any CPU
	EndGlobalSection
	GlobalSection(SolutionProperties) = preSolution
		HideSolutionNode = FALSE
	EndGlobalSection
	GlobalSection(ExtensibilityGlobals) = postSolution
		SolutionGuid = {490D4B9E-180F-439B-AF10-370B3D5FE590}
	EndGlobalSection
EndGlobal
